
Microsoft Visual Studio Solution File, Format Version 12.00
# Visual Studio Version 16
VisualStudioVersion = 16.0.29920.165
MinimumVisualStudioVersion = 10.0.40219.1
Project("{8BC9CEB8-8B4A-11D0-8D11-00A0C91BC942}") = "Project76", "Project76\Project76.vcxproj", "{97ADC061-3357-4A7C-A05A-E49F23E1CDAE}"
EndProject
Global
	GlobalSection(SolutionConfigurationPlatforms) = preSolution
		Debug|x64 = Debug|x64
		Debug|x86 = Debug|x86
		Release|x64 = Release|x64
		Release|x86 = Release|x86
	EndGlobalSection
	GlobalSection(ProjectConfigurationPlatforms) = postSolution
		{97ADC061-3357-4A7C-A05A-E49F23E1CDAE}.Debug|x64.ActiveCfg = Debug|x64
		{97ADC061-3357-4A7C-A05A-E49F23E1CDAE}.Debug|x64.Build.0 = Debug|x64
		{97ADC061-3357-4A7C-A05A-E49F23E1CDAE}.Debug|x86.ActiveCfg = Debug|Win32
		{97ADC061-3357-4A7C-A05A-E49F23E1CDAE}.Debug|x86.Build.0 = Debug|Win32
		{97ADC061-3357-4A7C-A05A-E49F23E1CDAE}.Release|x64.ActiveCfg = Release|x64
		{97ADC061-3357-4A7C-A05A-E49F23E1CDAE}.Release|x64.Build.0 = Release|x64
		{97ADC061-3357-4A7C-A05A-E49F23E1CDAE}.Release|x86.ActiveCfg = Release|Win32
		{97ADC061-3357-4A7C-A05A-E49F23E1CDAE}.Release|x86.Build.0 = Release|Win32
	EndGlobalSection
	GlobalSection(SolutionProperties) = preSolution
		HideSolutionNode = FALSE
	EndGlobalSection
	GlobalSection(ExtensibilityGlobals) = postSolution
		SolutionGuid = {B76770FE-5F05-4311-B038-7CF592FB8E5A}
	EndGlobalSection
EndGlobal
